<?xml version="1.0" encoding="utf-8"?>
<Project ToolsVersion="4.0" xmlns="http://schemas.microsoft.com/developer/msbuild/2003">
  <ItemGroup>
    <Filter Include="Source Files">
      <UniqueIdentifier>{4FC737F1-C7A5-4376-A066-2A32D752A2FF}</UniqueIdentifier>
      <Extensions>cpp;c;cc;cxx;c++;def;odl;idl;hpj;bat;asm;asmx</Extensions>
    </Filter>
    <Filter Include="Header Files">
      <UniqueIdentifier>{93995380-89BD-4b04-88EB-625FBE52EBFB}</UniqueIdentifier>
      <Extensions>h;hh;hpp;hxx;h++;hm;inl;inc;ipp;xsd</Extensions>
    </Filter>
    <Filter Include="Resource Files">
      <UniqueIdentifier>{67DA6AB6-F800-4c08-8B7A-83BB121AAD01}</UniqueIdentifier>
      <Extensions>rc;ico;cur;bmp;dlg;rc2;rct;bin;rgs;gif;jpg;jpeg;jpe;resx;tiff;tif;png;wav;mfcribbon-ms</Extensions>
    </Filter>
  </ItemGroup>
  <ItemGroup>
    <ClCompile Include="Entry.cpp">
      <Filter>Source Files</Filter>
    </ClCompile>
    <ClCompile Include="Hook\Hook.cpp">
      <Filter>Source Files</Filter>
    </ClCompile>
    <ClCompile Include="Hook\APIs\D3D9.cpp">
      <Filter>Source Files</Filter>
    </ClCompile>
    <ClCompile Include="Hook\APIs\D3D10.cpp">
      <Filter>Source Files</Filter>
    </ClCompile>
    <ClCompile Include="Hook\APIs\D3D11.cpp">
      <Filter>Source Files</Filter>
    </ClCompile>
    <ClCompile Include="Hook\APIs\D3D12.cpp">
      <Filter>Source Files</Filter>
    </ClCompile>
    <ClCompile Include="Hook\APIs\OpenGL.cpp">
      <Filter>Source Files</Filter>
    </ClCompile>
    <ClCompile Include="Hook\APIs\Vulkan.cpp">
      <Filter>Source Files</Filter>
    </ClCompile>
    <ClCompile Include="Hook\APIs\DXGI.cpp">
      <Filter>Source Files</Filter>
    </ClCompile>
    <ClCompile Include="Utils\Log.cpp">
      <Filter>Source Files</Filter>
    </ClCompile>
    <ClCompile Include="Include\ImGui\imgui.cpp">
      <Filter>Source Files</Filter>
    </ClCompile>
    <ClCompile Include="Include\ImGui\imgui_impl_win32.cpp">
      <Filter>Source Files</Filter>
    </ClCompile>
    <ClCompile Include="Include\ImGui\imgui_demo.cpp">
      <Filter>Source Files</Filter>
    </ClCompile>
    <ClCompile Include="Include\ImGui\imgui_draw.cpp">
      <Filter>Source Files</Filter>
    </ClCompile>
    <ClCompile Include="Include\ImGui\imgui_widgets.cpp">
      <Filter>Source Files</Filter>
    </ClCompile>
    <ClCompile Include="Include\ImGui\imgui_impl_dx11.cpp">
      <Filter>Source Files</Filter>
    </ClCompile>
    <ClCompile Include="Include\ImGui\imgui_impl_dx9.cpp">
      <Filter>Source Files</Filter>
    </ClCompile>
    <ClCompile Include="Engine\Engine.cpp">
      <Filter>Source Files</Filter>
    </ClCompile>
    <ClCompile Include="Engine\Notification.cpp">
      <Filter>Source Files</Filter>
    </ClCompile>
    <ClCompile Include="Utils\Utils.cpp">
      <Filter>Source Files</Filter>
    </ClCompile>
    <ClCompile Include="Engine\Texture.cpp">
      <Filter>Source Files</Filter>
    </ClCompile>
    <ClCompile Include="Engine\EngineResources.cpp">
      <Filter>Source Files</Filter>
    </ClCompile>
    <ClCompile Include="Communication\Discovery.cpp">
      <Filter>Source Files</Filter>
    </ClCompile>
    <ClCompile Include="Communication\Client.cpp">
      <Filter>Source Files</Filter>
    </ClCompile>
    <ClCompile Include="Hook\APIs\HookBase.cpp">
      <Filter>Source Files</Filter>
    </ClCompile>
    <ClCompile Include="Capture\Capture.cpp">
      <Filter>Source Files</Filter>
    </ClCompile>
    <ClCompile Include="Config.cpp">
      <Filter>Source Files</Filter>
    </ClCompile>
    <ClCompile Include="..\Common\Include\Protocols\client.pb.cc">
      <Filter>Source Files</Filter>
    </ClCompile>
    <ClCompile Include="..\Common\Include\Protocols\server.pb.cc">
      <Filter>Source Files</Filter>
    </ClCompile>
    <ClCompile Include="Capture\Config.cpp">
      <Filter>Source Files</Filter>
    </ClCompile>
    <ClCompile Include="Engine\Fonts.cpp">
      <Filter>Source Files</Filter>
    </ClCompile>
  </ItemGroup>
  <ItemGroup>
    <ClInclude Include="Hook\Hook.h">
      <Filter>Header Files</Filter>
    </ClInclude>
    <ClInclude Include="Hook\GraphicsAPI.h">
      <Filter>Header Files</Filter>
    </ClInclude>
    <ClInclude Include="Hook\APIs\D3D9.h">
      <Filter>Header Files</Filter>
    </ClInclude>
    <ClInclude Include="Hook\APIs\D3D10.h">
      <Filter>Header Files</Filter>
    </ClInclude>
    <ClInclude Include="Hook\APIs\D3D11.h">
      <Filter>Header Files</Filter>
    </ClInclude>
    <ClInclude Include="Hook\APIs\D3D12.h">
      <Filter>Header Files</Filter>
    </ClInclude>
    <ClInclude Include="Hook\APIs\OpenGL.h">
      <Filter>Header Files</Filter>
    </ClInclude>
    <ClInclude Include="Hook\APIs\Vulkan.h">
      <Filter>Header Files</Filter>
    </ClInclude>
    <ClInclude Include="Hook\APIs\DXGI.h">
      <Filter>Header Files</Filter>
    </ClInclude>
    <ClInclude Include="Engine\Engine.h">
      <Filter>Header Files</Filter>
    </ClInclude>
    <ClInclude Include="Engine\Notification.h">
      <Filter>Header Files</Filter>
    </ClInclude>
    <ClInclude Include="Utils\Utils.h">
      <Filter>Header Files</Filter>
    </ClInclude>
    <ClInclude Include="Engine\Texture.h">
      <Filter>Header Files</Filter>
    </ClInclude>
    <ClInclude Include="Engine\EngineResources.h">
      <Filter>Header Files</Filter>
    </ClInclude>
    <ClInclude Include="Communication\Discovery.h">
      <Filter>Header Files</Filter>
    </ClInclude>
    <ClInclude Include="Communication\Client.h">
      <Filter>Header Files</Filter>
    </ClInclude>
    <ClInclude Include="Include\ImGui\imgui_impl_dx11.h">
      <Filter>Header Files</Filter>
    </ClInclude>
    <ClInclude Include="Include\ImGui\imgui_impl_dx9.h">
      <Filter>Header Files</Filter>
    </ClInclude>
    <ClInclude Include="Include\ImGui\imgui.h">
      <Filter>Header Files</Filter>
    </ClInclude>
    <ClInclude Include="Include\ImGui\imconfig.h">
      <Filter>Header Files</Filter>
    </ClInclude>
    <ClInclude Include="Include\ImGui\imgui_impl_win32.h">
      <Filter>Header Files</Filter>
    </ClInclude>
    <ClInclude Include="Include\ImGui\imgui_internal.h">
      <Filter>Header Files</Filter>
    </ClInclude>
    <ClInclude Include="Include\ImGui\imstb_rectpack.h">
      <Filter>Header Files</Filter>
    </ClInclude>
    <ClInclude Include="Include\ImGui\imstb_textedit.h">
      <Filter>Header Files</Filter>
    </ClInclude>
    <ClInclude Include="Include\ImGui\imstb_truetype.h">
      <Filter>Header Files</Filter>
    </ClInclude>
    <ClInclude Include="Include\D3DX\d3dx9.h">
      <Filter>Header Files</Filter>
    </ClInclude>
    <ClInclude Include="Include\D3DX\d3dx9anim.h">
      <Filter>Header Files</Filter>
    </ClInclude>
    <ClInclude Include="Include\D3DX\d3dx9core.h">
      <Filter>Header Files</Filter>
    </ClInclude>
    <ClInclude Include="Include\D3DX\d3dx9effect.h">
      <Filter>Header Files</Filter>
    </ClInclude>
    <ClInclude Include="Include\D3DX\d3dx9math.h">
      <Filter>Header Files</Filter>
    </ClInclude>
    <ClInclude Include="Include\D3DX\d3dx9mesh.h">
      <Filter>Header Files</Filter>
    </ClInclude>
    <ClInclude Include="Include\D3DX\d3dx9shader.h">
      <Filter>Header Files</Filter>
    </ClInclude>
    <ClInclude Include="Include\D3DX\d3dx9shape.h">
      <Filter>Header Files</Filter>
    </ClInclude>
    <ClInclude Include="Include\D3DX\d3dx9tex.h">
      <Filter>Header Files</Filter>
    </ClInclude>
    <ClInclude Include="Include\D3DX\d3dx9xof.h">
      <Filter>Header Files</Filter>
    </ClInclude>
    <ClInclude Include="Hook\APIs\HookBase.h">
      <Filter>Header Files</Filter>
    </ClInclude>
    <ClInclude Include="Include\MinHook\MinHook.h">
      <Filter>Header Files</Filter>
    </ClInclude>
    <ClInclude Include="Capture\Capture.h">
      <Filter>Header Files</Filter>
    </ClInclude>
    <ClInclude Include="Capture\Config.h">
      <Filter>Header Files</Filter>
    </ClInclude>
    <ClInclude Include="..\Common\Include\Protocols\client.pb.h">
      <Filter>Header Files</Filter>
    </ClInclude>
    <ClInclude Include="..\Common\Include\Protocols\server.pb.h">
      <Filter>Header Files</Filter>
    </ClInclude>
    <ClInclude Include="Engine\Fonts.h">
      <Filter>Header Files</Filter>
    </ClInclude>
  </ItemGroup>
  <ItemGroup>
    <None Include="Include\websocketpp\out\build\x64-Debug\CMakeFiles\3.16.19112601-MSVC_2\CMakeDetermineCompilerABI_C.bin">
      <Filter>Resource Files</Filter>
    </None>
    <None Include="Include\websocketpp\out\build\x64-Debug\CMakeFiles\3.16.19112601-MSVC_2\CMakeDetermineCompilerABI_CXX.bin">
      <Filter>Resource Files</Filter>
    </None>
    <None Include="Include\D3DX\d3dx9math.inl">
      <Filter>Header Files</Filter>
    </None>
  </ItemGroup>
  <ItemGroup>
    <Library Include="Include\MinHook\lib\libMinHook-x86-v141-mtd.lib" />
    <Library Include="Include\MinHook\lib\libMinHook-x64-v90-md.lib" />
    <Library Include="Include\MinHook\lib\libMinHook-x64-v90-mdd.lib" />
    <Library Include="Include\MinHook\lib\libMinHook-x64-v90-mt.lib" />
    <Library Include="Include\MinHook\lib\libMinHook-x64-v90-mtd.lib" />
    <Library Include="Include\MinHook\lib\libMinHook-x64-v100-md.lib" />
    <Library Include="Include\MinHook\lib\libMinHook-x64-v100-mdd.lib" />
    <Library Include="Include\MinHook\lib\libMinHook-x64-v100-mt.lib" />
    <Library Include="Include\MinHook\lib\libMinHook-x64-v100-mtd.lib" />
    <Library Include="Include\MinHook\lib\libMinHook-x64-v110-md.lib" />
    <Library Include="Include\MinHook\lib\libMinHook-x64-v110-mdd.lib" />
    <Library Include="Include\MinHook\lib\libMinHook-x64-v110-mt.lib" />
    <Library Include="Include\MinHook\lib\libMinHook-x64-v110-mtd.lib" />
    <Library Include="Include\MinHook\lib\libMinHook-x64-v120-md.lib" />
    <Library Include="Include\MinHook\lib\libMinHook-x64-v120-mdd.lib" />
    <Library Include="Include\MinHook\lib\libMinHook-x64-v120-mt.lib" />
    <Library Include="Include\MinHook\lib\libMinHook-x64-v120-mtd.lib" />
    <Library Include="Include\MinHook\lib\libMinHook-x64-v140-md.lib" />
    <Library Include="Include\MinHook\lib\libMinHook-x64-v140-mdd.lib" />
    <Library Include="Include\MinHook\lib\libMinHook-x64-v140-mt.lib" />
    <Library Include="Include\MinHook\lib\libMinHook-x64-v140-mtd.lib" />
    <Library Include="Include\MinHook\lib\libMinHook-x64-v141-md.lib" />
    <Library Include="Include\MinHook\lib\libMinHook-x64-v141-mdd.lib" />
    <Library Include="Include\MinHook\lib\libMinHook-x64-v141-mt.lib" />
    <Library Include="Include\MinHook\lib\libMinHook-x64-v141-mtd.lib" />
    <Library Include="Include\MinHook\lib\libMinHook-x86-v90-md.lib" />
    <Library Include="Include\MinHook\lib\libMinHook-x86-v90-mdd.lib" />
    <Library Include="Include\MinHook\lib\libMinHook-x86-v90-mt.lib" />
    <Library Include="Include\MinHook\lib\libMinHook-x86-v90-mtd.lib" />
    <Library Include="Include\MinHook\lib\libMinHook-x86-v100-md.lib" />
    <Library Include="Include\MinHook\lib\libMinHook-x86-v100-mdd.lib" />
    <Library Include="Include\MinHook\lib\libMinHook-x86-v100-mt.lib" />
    <Library Include="Include\MinHook\lib\libMinHook-x86-v100-mtd.lib" />
    <Library Include="Include\MinHook\lib\libMinHook-x86-v110-md.lib" />
    <Library Include="Include\MinHook\lib\libMinHook-x86-v110-mdd.lib" />
    <Library Include="Include\MinHook\lib\libMinHook-x86-v110-mt.lib" />
    <Library Include="Include\MinHook\lib\libMinHook-x86-v110-mtd.lib" />
    <Library Include="Include\MinHook\lib\libMinHook-x86-v120-md.lib" />
    <Library Include="Include\MinHook\lib\libMinHook-x86-v120-mdd.lib" />
    <Library Include="Include\MinHook\lib\libMinHook-x86-v120-mt.lib" />
    <Library Include="Include\MinHook\lib\libMinHook-x86-v120-mtd.lib" />
    <Library Include="Include\MinHook\lib\libMinHook-x86-v140-md.lib" />
    <Library Include="Include\MinHook\lib\libMinHook-x86-v140-mdd.lib" />
    <Library Include="Include\MinHook\lib\libMinHook-x86-v140-mt.lib" />
    <Library Include="Include\MinHook\lib\libMinHook-x86-v140-mtd.lib" />
    <Library Include="Include\MinHook\lib\libMinHook-x86-v141-md.lib" />
    <Library Include="Include\MinHook\lib\libMinHook-x86-v141-mdd.lib" />
    <Library Include="Include\MinHook\lib\libMinHook-x86-v141-mt.lib" />
  </ItemGroup>
</Project>