<?xml version="1.0" encoding="utf-8"?>
<Project ToolsVersion="4.0" xmlns="http://schemas.microsoft.com/developer/msbuild/2003">
  <ItemGroup>
    <Filter Include="Source Files">
      <UniqueIdentifier>{4FC737F1-C7A5-4376-A066-2A32D752A2FF}</UniqueIdentifier>
      <Extensions>cpp;c;cc;cxx;c++;def;odl;idl;hpj;bat;asm;asmx</Extensions>
    </Filter>
    <Filter Include="Header Files">
      <UniqueIdentifier>{93995380-89BD-4b04-88EB-625FBE52EBFB}</UniqueIdentifier>
      <Extensions>h;hh;hpp;hxx;h++;hm;inl;inc;ipp;xsd</Extensions>
    </Filter>
    <Filter Include="Resource Files">
      <UniqueIdentifier>{67DA6AB6-F800-4c08-8B7A-83BB121AAD01}</UniqueIdentifier>
      <Extensions>rc;ico;cur;bmp;dlg;rc2;rct;bin;rgs;gif;jpg;jpeg;jpe;resx;tiff;tif;png;wav;mfcribbon-ms</Extensions>
    </Filter>
  </ItemGroup>
  <ItemGroup>
    <ClCompile Include="Entry.cpp">
      <Filter>Source Files</Filter>
    </ClCompile>
    <ClCompile Include="Hook\Hook.cpp">
      <Filter>Source Files</Filter>
    </ClCompile>
    <ClCompile Include="Hook\APIs\D3D9.cpp">
      <Filter>Source Files</Filter>
    </ClCompile>
    <ClCompile Include="Hook\APIs\D3D10.cpp">
      <Filter>Source Files</Filter>
    </ClCompile>
    <ClCompile Include="Hook\APIs\D3D11.cpp">
      <Filter>Source Files</Filter>
    </ClCompile>
    <ClCompile Include="Hook\APIs\D3D12.cpp">
      <Filter>Source Files</Filter>
    </ClCompile>
    <ClCompile Include="Hook\APIs\OpenGL.cpp">
      <Filter>Source Files</Filter>
    </ClCompile>
    <ClCompile Include="Hook\APIs\Vulkan.cpp">
      <Filter>Source Files</Filter>
    </ClCompile>
    <ClCompile Include="Hook\APIs\DXGI.cpp">
      <Filter>Source Files</Filter>
    </ClCompile>
    <ClCompile Include="Utils\Log.cpp">
      <Filter>Source Files</Filter>
    </ClCompile>
    <ClCompile Include="Include\ImGui\imgui.cpp">
      <Filter>Source Files</Filter>
    </ClCompile>
    <ClCompile Include="Include\ImGui\imgui_impl_win32.cpp">
      <Filter>Source Files</Filter>
    </ClCompile>
    <ClCompile Include="Include\ImGui\imgui_demo.cpp">
      <Filter>Source Files</Filter>
    </ClCompile>
    <ClCompile Include="Include\ImGui\imgui_draw.cpp">
      <Filter>Source Files</Filter>
    </ClCompile>
    <ClCompile Include="Include\ImGui\imgui_widgets.cpp">
      <Filter>Source Files</Filter>
    </ClCompile>
    <ClCompile Include="Include\ImGui\imgui_impl_dx11.cpp">
      <Filter>Source Files</Filter>
    </ClCompile>
    <ClCompile Include="Include\ImGui\imgui_impl_dx9.cpp">
      <Filter>Source Files</Filter>
    </ClCompile>
    <ClCompile Include="Engine\Engine.cpp">
      <Filter>Source Files</Filter>
    </ClCompile>
    <ClCompile Include="Engine\Notification.cpp">
      <Filter>Source Files</Filter>
    </ClCompile>
    <ClCompile Include="Utils\Utils.cpp">
      <Filter>Source Files</Filter>
    </ClCompile>
    <ClCompile Include="Engine\Texture.cpp">
      <Filter>Source Files</Filter>
    </ClCompile>
    <ClCompile Include="Engine\EngineResources.cpp">
      <Filter>Source Files</Filter>
    </ClCompile>
    <ClCompile Include="Communication\Discovery.cpp">
      <Filter>Source Files</Filter>
    </ClCompile>
    <ClCompile Include="Include\asio\impl\src.cpp">
      <Filter>Source Files</Filter>
    </ClCompile>
    <ClCompile Include="Include\websocketpp\out\build\x64-Debug\CMakeFiles\3.16.19112601-MSVC_2\CompilerIdC\CMakeCCompilerId.c">
      <Filter>Source Files</Filter>
    </ClCompile>
    <ClCompile Include="Include\websocketpp\out\build\x64-Debug\CMakeFiles\3.16.19112601-MSVC_2\CompilerIdCXX\CMakeCXXCompilerId.cpp">
      <Filter>Source Files</Filter>
    </ClCompile>
    <ClCompile Include="Include\websocketpp\out\build\x64-Debug\CMakeFiles\ShowIncludes\main.c">
      <Filter>Source Files</Filter>
    </ClCompile>
  </ItemGroup>
  <ItemGroup>
    <ClInclude Include="Hook\Hook.h">
      <Filter>Header Files</Filter>
    </ClInclude>
    <ClInclude Include="Hook\GraphicsAPI.h">
      <Filter>Header Files</Filter>
    </ClInclude>
    <ClInclude Include="Hook\APIs\D3D9.h">
      <Filter>Header Files</Filter>
    </ClInclude>
    <ClInclude Include="Hook\APIs\D3D10.h">
      <Filter>Header Files</Filter>
    </ClInclude>
    <ClInclude Include="Hook\APIs\D3D11.h">
      <Filter>Header Files</Filter>
    </ClInclude>
    <ClInclude Include="Hook\APIs\D3D12.h">
      <Filter>Header Files</Filter>
    </ClInclude>
    <ClInclude Include="Hook\APIs\OpenGL.h">
      <Filter>Header Files</Filter>
    </ClInclude>
    <ClInclude Include="Hook\APIs\Vulkan.h">
      <Filter>Header Files</Filter>
    </ClInclude>
    <ClInclude Include="Hook\APIs\DXGI.h">
      <Filter>Header Files</Filter>
    </ClInclude>
    <ClInclude Include="Include\ImGui\imgui.h">
      <Filter>Header Files</Filter>
    </ClInclude>
    <ClInclude Include="Include\ImGui\imgui_impl_dx11.h">
      <Filter>Header Files</Filter>
    </ClInclude>
    <ClInclude Include="Include\ImGui\imgui_impl_win32.h">
      <Filter>Header Files</Filter>
    </ClInclude>
    <ClInclude Include="Include\ImGui\imconfig.h">
      <Filter>Header Files</Filter>
    </ClInclude>
    <ClInclude Include="Include\ImGui\imgui_internal.h">
      <Filter>Header Files</Filter>
    </ClInclude>
    <ClInclude Include="Include\ImGui\imstb_rectpack.h">
      <Filter>Header Files</Filter>
    </ClInclude>
    <ClInclude Include="Include\ImGui\imstb_textedit.h">
      <Filter>Header Files</Filter>
    </ClInclude>
    <ClInclude Include="Include\ImGui\imstb_truetype.h">
      <Filter>Header Files</Filter>
    </ClInclude>
    <ClInclude Include="Include\ImGui\imgui_impl_dx9.h">
      <Filter>Header Files</Filter>
    </ClInclude>
    <ClInclude Include="Engine\Engine.h">
      <Filter>Header Files</Filter>
    </ClInclude>
    <ClInclude Include="Engine\Notification.h">
      <Filter>Header Files</Filter>
    </ClInclude>
    <ClInclude Include="Utils\Utils.h">
      <Filter>Header Files</Filter>
    </ClInclude>
    <ClInclude Include="Engine\Texture.h">
      <Filter>Header Files</Filter>
    </ClInclude>
    <ClInclude Include="Include\STB\stb_image.h">
      <Filter>Header Files</Filter>
    </ClInclude>
    <ClInclude Include="Engine\EngineResources.h">
      <Filter>Header Files</Filter>
    </ClInclude>
    <ClInclude Include="Include\MinHook\MinHook.h">
      <Filter>Header Files</Filter>
    </ClInclude>
    <ClInclude Include="Communication\Discovery.h">
      <Filter>Header Files</Filter>
    </ClInclude>
    <ClInclude Include="Include\GLFW\glfw3.h">
      <Filter>Header Files</Filter>
    </ClInclude>
    <ClInclude Include="Include\GLFW\glfw3native.h">
      <Filter>Header Files</Filter>
    </ClInclude>
    <ClInclude Include="Include\asio\detail\impl\buffer_sequence_adapter.ipp">
      <Filter>Header Files</Filter>
    </ClInclude>
    <ClInclude Include="Include\asio\detail\impl\descriptor_ops.ipp">
      <Filter>Header Files</Filter>
    </ClInclude>
    <ClInclude Include="Include\asio\detail\impl\dev_poll_reactor.hpp">
      <Filter>Header Files</Filter>
    </ClInclude>
    <ClInclude Include="Include\asio\detail\impl\dev_poll_reactor.ipp">
      <Filter>Header Files</Filter>
    </ClInclude>
    <ClInclude Include="Include\asio\detail\impl\epoll_reactor.hpp">
      <Filter>Header Files</Filter>
    </ClInclude>
    <ClInclude Include="Include\asio\detail\impl\epoll_reactor.ipp">
      <Filter>Header Files</Filter>
    </ClInclude>
    <ClInclude Include="Include\asio\detail\impl\eventfd_select_interrupter.ipp">
      <Filter>Header Files</Filter>
    </ClInclude>
    <ClInclude Include="Include\asio\detail\impl\handler_tracking.ipp">
      <Filter>Header Files</Filter>
    </ClInclude>
    <ClInclude Include="Include\asio\detail\impl\kqueue_reactor.hpp">
      <Filter>Header Files</Filter>
    </ClInclude>
    <ClInclude Include="Include\asio\detail\impl\kqueue_reactor.ipp">
      <Filter>Header Files</Filter>
    </ClInclude>
    <ClInclude Include="Include\asio\detail\impl\null_event.ipp">
      <Filter>Header Files</Filter>
    </ClInclude>
    <ClInclude Include="Include\asio\detail\impl\pipe_select_interrupter.ipp">
      <Filter>Header Files</Filter>
    </ClInclude>
    <ClInclude Include="Include\asio\detail\impl\posix_event.ipp">
      <Filter>Header Files</Filter>
    </ClInclude>
    <ClInclude Include="Include\asio\detail\impl\posix_mutex.ipp">
      <Filter>Header Files</Filter>
    </ClInclude>
    <ClInclude Include="Include\asio\detail\impl\posix_thread.ipp">
      <Filter>Header Files</Filter>
    </ClInclude>
    <ClInclude Include="Include\asio\detail\impl\posix_tss_ptr.ipp">
      <Filter>Header Files</Filter>
    </ClInclude>
    <ClInclude Include="Include\asio\detail\impl\reactive_descriptor_service.ipp">
      <Filter>Header Files</Filter>
    </ClInclude>
    <ClInclude Include="Include\asio\detail\impl\reactive_serial_port_service.ipp">
      <Filter>Header Files</Filter>
    </ClInclude>
    <ClInclude Include="Include\asio\detail\impl\reactive_socket_service_base.ipp">
      <Filter>Header Files</Filter>
    </ClInclude>
    <ClInclude Include="Include\asio\detail\impl\resolver_service_base.ipp">
      <Filter>Header Files</Filter>
    </ClInclude>
    <ClInclude Include="Include\asio\detail\impl\scheduler.ipp">
      <Filter>Header Files</Filter>
    </ClInclude>
    <ClInclude Include="Include\asio\detail\impl\select_reactor.hpp">
      <Filter>Header Files</Filter>
    </ClInclude>
    <ClInclude Include="Include\asio\detail\impl\select_reactor.ipp">
      <Filter>Header Files</Filter>
    </ClInclude>
    <ClInclude Include="Include\asio\detail\impl\service_registry.hpp">
      <Filter>Header Files</Filter>
    </ClInclude>
    <ClInclude Include="Include\asio\detail\impl\service_registry.ipp">
      <Filter>Header Files</Filter>
    </ClInclude>
    <ClInclude Include="Include\asio\detail\impl\signal_set_service.ipp">
      <Filter>Header Files</Filter>
    </ClInclude>
    <ClInclude Include="Include\asio\detail\impl\socket_ops.ipp">
      <Filter>Header Files</Filter>
    </ClInclude>
    <ClInclude Include="Include\asio\detail\impl\socket_select_interrupter.ipp">
      <Filter>Header Files</Filter>
    </ClInclude>
    <ClInclude Include="Include\asio\detail\impl\strand_executor_service.hpp">
      <Filter>Header Files</Filter>
    </ClInclude>
    <ClInclude Include="Include\asio\detail\impl\strand_executor_service.ipp">
      <Filter>Header Files</Filter>
    </ClInclude>
    <ClInclude Include="Include\asio\detail\impl\strand_service.hpp">
      <Filter>Header Files</Filter>
    </ClInclude>
    <ClInclude Include="Include\asio\detail\impl\strand_service.ipp">
      <Filter>Header Files</Filter>
    </ClInclude>
    <ClInclude Include="Include\asio\detail\impl\throw_error.ipp">
      <Filter>Header Files</Filter>
    </ClInclude>
    <ClInclude Include="Include\asio\detail\impl\timer_queue_ptime.ipp">
      <Filter>Header Files</Filter>
    </ClInclude>
    <ClInclude Include="Include\asio\detail\impl\timer_queue_set.ipp">
      <Filter>Header Files</Filter>
    </ClInclude>
    <ClInclude Include="Include\asio\detail\impl\win_event.ipp">
      <Filter>Header Files</Filter>
    </ClInclude>
    <ClInclude Include="Include\asio\detail\impl\win_iocp_handle_service.ipp">
      <Filter>Header Files</Filter>
    </ClInclude>
    <ClInclude Include="Include\asio\detail\impl\win_iocp_io_context.hpp">
      <Filter>Header Files</Filter>
    </ClInclude>
    <ClInclude Include="Include\asio\detail\impl\win_iocp_io_context.ipp">
      <Filter>Header Files</Filter>
    </ClInclude>
    <ClInclude Include="Include\asio\detail\impl\win_iocp_serial_port_service.ipp">
      <Filter>Header Files</Filter>
    </ClInclude>
    <ClInclude Include="Include\asio\detail\impl\win_iocp_socket_service_base.ipp">
      <Filter>Header Files</Filter>
    </ClInclude>
    <ClInclude Include="Include\asio\detail\impl\win_mutex.ipp">
      <Filter>Header Files</Filter>
    </ClInclude>
    <ClInclude Include="Include\asio\detail\impl\win_object_handle_service.ipp">
      <Filter>Header Files</Filter>
    </ClInclude>
    <ClInclude Include="Include\asio\detail\impl\win_static_mutex.ipp">
      <Filter>Header Files</Filter>
    </ClInclude>
    <ClInclude Include="Include\asio\detail\impl\win_thread.ipp">
      <Filter>Header Files</Filter>
    </ClInclude>
    <ClInclude Include="Include\asio\detail\impl\win_tss_ptr.ipp">
      <Filter>Header Files</Filter>
    </ClInclude>
    <ClInclude Include="Include\asio\detail\impl\winrt_ssocket_service_base.ipp">
      <Filter>Header Files</Filter>
    </ClInclude>
    <ClInclude Include="Include\asio\detail\impl\winrt_timer_scheduler.hpp">
      <Filter>Header Files</Filter>
    </ClInclude>
    <ClInclude Include="Include\asio\detail\impl\winrt_timer_scheduler.ipp">
      <Filter>Header Files</Filter>
    </ClInclude>
    <ClInclude Include="Include\asio\detail\impl\winsock_init.ipp">
      <Filter>Header Files</Filter>
    </ClInclude>
    <ClInclude Include="Include\asio\detail\array.hpp">
      <Filter>Header Files</Filter>
    </ClInclude>
    <ClInclude Include="Include\asio\detail\array_fwd.hpp">
      <Filter>Header Files</Filter>
    </ClInclude>
    <ClInclude Include="Include\asio\detail\assert.hpp">
      <Filter>Header Files</Filter>
    </ClInclude>
    <ClInclude Include="Include\asio\detail\atomic_count.hpp">
      <Filter>Header Files</Filter>
    </ClInclude>
    <ClInclude Include="Include\asio\detail\base_from_completion_cond.hpp">
      <Filter>Header Files</Filter>
    </ClInclude>
    <ClInclude Include="Include\asio\detail\bind_handler.hpp">
      <Filter>Header Files</Filter>
    </ClInclude>
    <ClInclude Include="Include\asio\detail\buffer_resize_guard.hpp">
      <Filter>Header Files</Filter>
    </ClInclude>
    <ClInclude Include="Include\asio\detail\buffer_sequence_adapter.hpp">
      <Filter>Header Files</Filter>
    </ClInclude>
    <ClInclude Include="Include\asio\detail\buffered_stream_storage.hpp">
      <Filter>Header Files</Filter>
    </ClInclude>
    <ClInclude Include="Include\asio\detail\call_stack.hpp">
      <Filter>Header Files</Filter>
    </ClInclude>
    <ClInclude Include="Include\asio\detail\chrono.hpp">
      <Filter>Header Files</Filter>
    </ClInclude>
    <ClInclude Include="Include\asio\detail\chrono_time_traits.hpp">
      <Filter>Header Files</Filter>
    </ClInclude>
    <ClInclude Include="Include\asio\detail\completion_handler.hpp">
      <Filter>Header Files</Filter>
    </ClInclude>
    <ClInclude Include="Include\asio\detail\concurrency_hint.hpp">
      <Filter>Header Files</Filter>
    </ClInclude>
    <ClInclude Include="Include\asio\detail\conditionally_enabled_event.hpp">
      <Filter>Header Files</Filter>
    </ClInclude>
    <ClInclude Include="Include\asio\detail\conditionally_enabled_mutex.hpp">
      <Filter>Header Files</Filter>
    </ClInclude>
    <ClInclude Include="Include\asio\detail\config.hpp">
      <Filter>Header Files</Filter>
    </ClInclude>
    <ClInclude Include="Include\asio\detail\consuming_buffers.hpp">
      <Filter>Header Files</Filter>
    </ClInclude>
    <ClInclude Include="Include\asio\detail\cstddef.hpp">
      <Filter>Header Files</Filter>
    </ClInclude>
    <ClInclude Include="Include\asio\detail\cstdint.hpp">
      <Filter>Header Files</Filter>
    </ClInclude>
    <ClInclude Include="Include\asio\detail\date_time_fwd.hpp">
      <Filter>Header Files</Filter>
    </ClInclude>
    <ClInclude Include="Include\asio\detail\deadline_timer_service.hpp">
      <Filter>Header Files</Filter>
    </ClInclude>
    <ClInclude Include="Include\asio\detail\dependent_type.hpp">
      <Filter>Header Files</Filter>
    </ClInclude>
    <ClInclude Include="Include\asio\detail\descriptor_ops.hpp">
      <Filter>Header Files</Filter>
    </ClInclude>
    <ClInclude Include="Include\asio\detail\descriptor_read_op.hpp">
      <Filter>Header Files</Filter>
    </ClInclude>
    <ClInclude Include="Include\asio\detail\descriptor_write_op.hpp">
      <Filter>Header Files</Filter>
    </ClInclude>
    <ClInclude Include="Include\asio\detail\dev_poll_reactor.hpp">
      <Filter>Header Files</Filter>
    </ClInclude>
    <ClInclude Include="Include\asio\detail\epoll_reactor.hpp">
      <Filter>Header Files</Filter>
    </ClInclude>
    <ClInclude Include="Include\asio\detail\event.hpp">
      <Filter>Header Files</Filter>
    </ClInclude>
    <ClInclude Include="Include\asio\detail\eventfd_select_interrupter.hpp">
      <Filter>Header Files</Filter>
    </ClInclude>
    <ClInclude Include="Include\asio\detail\executor_function.hpp">
      <Filter>Header Files</Filter>
    </ClInclude>
    <ClInclude Include="Include\asio\detail\executor_op.hpp">
      <Filter>Header Files</Filter>
    </ClInclude>
    <ClInclude Include="Include\asio\detail\fd_set_adapter.hpp">
      <Filter>Header Files</Filter>
    </ClInclude>
    <ClInclude Include="Include\asio\detail\fenced_block.hpp">
      <Filter>Header Files</Filter>
    </ClInclude>
    <ClInclude Include="Include\asio\detail\functional.hpp">
      <Filter>Header Files</Filter>
    </ClInclude>
    <ClInclude Include="Include\asio\detail\future.hpp">
      <Filter>Header Files</Filter>
    </ClInclude>
    <ClInclude Include="Include\asio\detail\gcc_arm_fenced_block.hpp">
      <Filter>Header Files</Filter>
    </ClInclude>
    <ClInclude Include="Include\asio\detail\gcc_hppa_fenced_block.hpp">
      <Filter>Header Files</Filter>
    </ClInclude>
    <ClInclude Include="Include\asio\detail\gcc_sync_fenced_block.hpp">
      <Filter>Header Files</Filter>
    </ClInclude>
    <ClInclude Include="Include\asio\detail\gcc_x86_fenced_block.hpp">
      <Filter>Header Files</Filter>
    </ClInclude>
    <ClInclude Include="Include\asio\detail\global.hpp">
      <Filter>Header Files</Filter>
    </ClInclude>
    <ClInclude Include="Include\asio\detail\handler_alloc_helpers.hpp">
      <Filter>Header Files</Filter>
    </ClInclude>
    <ClInclude Include="Include\asio\detail\handler_cont_helpers.hpp">
      <Filter>Header Files</Filter>
    </ClInclude>
    <ClInclude Include="Include\asio\detail\handler_invoke_helpers.hpp">
      <Filter>Header Files</Filter>
    </ClInclude>
    <ClInclude Include="Include\asio\detail\handler_tracking.hpp">
      <Filter>Header Files</Filter>
    </ClInclude>
    <ClInclude Include="Include\asio\detail\handler_type_requirements.hpp">
      <Filter>Header Files</Filter>
    </ClInclude>
    <ClInclude Include="Include\asio\detail\handler_work.hpp">
      <Filter>Header Files</Filter>
    </ClInclude>
    <ClInclude Include="Include\asio\detail\hash_map.hpp">
      <Filter>Header Files</Filter>
    </ClInclude>
    <ClInclude Include="Include\asio\detail\io_control.hpp">
      <Filter>Header Files</Filter>
    </ClInclude>
    <ClInclude Include="Include\asio\detail\io_object_executor.hpp">
      <Filter>Header Files</Filter>
    </ClInclude>
    <ClInclude Include="Include\asio\detail\io_object_impl.hpp">
      <Filter>Header Files</Filter>
    </ClInclude>
    <ClInclude Include="Include\asio\detail\is_buffer_sequence.hpp">
      <Filter>Header Files</Filter>
    </ClInclude>
    <ClInclude Include="Include\asio\detail\is_executor.hpp">
      <Filter>Header Files</Filter>
    </ClInclude>
    <ClInclude Include="Include\asio\detail\keyword_tss_ptr.hpp">
      <Filter>Header Files</Filter>
    </ClInclude>
    <ClInclude Include="Include\asio\detail\kqueue_reactor.hpp">
      <Filter>Header Files</Filter>
    </ClInclude>
    <ClInclude Include="Include\asio\detail\limits.hpp">
      <Filter>Header Files</Filter>
    </ClInclude>
    <ClInclude Include="Include\asio\detail\local_free_on_block_exit.hpp">
      <Filter>Header Files</Filter>
    </ClInclude>
    <ClInclude Include="Include\asio\detail\macos_fenced_block.hpp">
      <Filter>Header Files</Filter>
    </ClInclude>
    <ClInclude Include="Include\asio\detail\memory.hpp">
      <Filter>Header Files</Filter>
    </ClInclude>
    <ClInclude Include="Include\asio\detail\mutex.hpp">
      <Filter>Header Files</Filter>
    </ClInclude>
    <ClInclude Include="Include\asio\detail\non_const_lvalue.hpp">
      <Filter>Header Files</Filter>
    </ClInclude>
    <ClInclude Include="Include\asio\detail\noncopyable.hpp">
      <Filter>Header Files</Filter>
    </ClInclude>
    <ClInclude Include="Include\asio\detail\null_event.hpp">
      <Filter>Header Files</Filter>
    </ClInclude>
    <ClInclude Include="Include\asio\detail\null_fenced_block.hpp">
      <Filter>Header Files</Filter>
    </ClInclude>
    <ClInclude Include="Include\asio\detail\null_global.hpp">
      <Filter>Header Files</Filter>
    </ClInclude>
    <ClInclude Include="Include\asio\detail\null_mutex.hpp">
      <Filter>Header Files</Filter>
    </ClInclude>
    <ClInclude Include="Include\asio\detail\null_reactor.hpp">
      <Filter>Header Files</Filter>
    </ClInclude>
    <ClInclude Include="Include\asio\detail\null_signal_blocker.hpp">
      <Filter>Header Files</Filter>
    </ClInclude>
    <ClInclude Include="Include\asio\detail\null_socket_service.hpp">
      <Filter>Header Files</Filter>
    </ClInclude>
    <ClInclude Include="Include\asio\detail\null_static_mutex.hpp">
      <Filter>Header Files</Filter>
    </ClInclude>
    <ClInclude Include="Include\asio\detail\null_thread.hpp">
      <Filter>Header Files</Filter>
    </ClInclude>
    <ClInclude Include="Include\asio\detail\null_tss_ptr.hpp">
      <Filter>Header Files</Filter>
    </ClInclude>
    <ClInclude Include="Include\asio\detail\object_pool.hpp">
      <Filter>Header Files</Filter>
    </ClInclude>
    <ClInclude Include="Include\asio\detail\old_win_sdk_compat.hpp">
      <Filter>Header Files</Filter>
    </ClInclude>
    <ClInclude Include="Include\asio\detail\op_queue.hpp">
      <Filter>Header Files</Filter>
    </ClInclude>
    <ClInclude Include="Include\asio\detail\operation.hpp">
      <Filter>Header Files</Filter>
    </ClInclude>
    <ClInclude Include="Include\asio\detail\pipe_select_interrupter.hpp">
      <Filter>Header Files</Filter>
    </ClInclude>
    <ClInclude Include="Include\asio\detail\pop_options.hpp">
      <Filter>Header Files</Filter>
    </ClInclude>
    <ClInclude Include="Include\asio\detail\posix_event.hpp">
      <Filter>Header Files</Filter>
    </ClInclude>
    <ClInclude Include="Include\asio\detail\posix_fd_set_adapter.hpp">
      <Filter>Header Files</Filter>
    </ClInclude>
    <ClInclude Include="Include\asio\detail\posix_global.hpp">
      <Filter>Header Files</Filter>
    </ClInclude>
    <ClInclude Include="Include\asio\detail\posix_mutex.hpp">
      <Filter>Header Files</Filter>
    </ClInclude>
    <ClInclude Include="Include\asio\detail\posix_signal_blocker.hpp">
      <Filter>Header Files</Filter>
    </ClInclude>
    <ClInclude Include="Include\asio\detail\posix_static_mutex.hpp">
      <Filter>Header Files</Filter>
    </ClInclude>
    <ClInclude Include="Include\asio\detail\posix_thread.hpp">
      <Filter>Header Files</Filter>
    </ClInclude>
    <ClInclude Include="Include\asio\detail\posix_tss_ptr.hpp">
      <Filter>Header Files</Filter>
    </ClInclude>
    <ClInclude Include="Include\asio\detail\push_options.hpp">
      <Filter>Header Files</Filter>
    </ClInclude>
    <ClInclude Include="Include\asio\detail\reactive_descriptor_service.hpp">
      <Filter>Header Files</Filter>
    </ClInclude>
    <ClInclude Include="Include\asio\detail\reactive_null_buffers_op.hpp">
      <Filter>Header Files</Filter>
    </ClInclude>
    <ClInclude Include="Include\asio\detail\reactive_serial_port_service.hpp">
      <Filter>Header Files</Filter>
    </ClInclude>
    <ClInclude Include="Include\asio\detail\reactive_socket_accept_op.hpp">
      <Filter>Header Files</Filter>
    </ClInclude>
    <ClInclude Include="Include\asio\detail\reactive_socket_connect_op.hpp">
      <Filter>Header Files</Filter>
    </ClInclude>
    <ClInclude Include="Include\asio\detail\reactive_socket_recv_op.hpp">
      <Filter>Header Files</Filter>
    </ClInclude>
    <ClInclude Include="Include\asio\detail\reactive_socket_recvfrom_op.hpp">
      <Filter>Header Files</Filter>
    </ClInclude>
    <ClInclude Include="Include\asio\detail\reactive_socket_recvmsg_op.hpp">
      <Filter>Header Files</Filter>
    </ClInclude>
    <ClInclude Include="Include\asio\detail\reactive_socket_send_op.hpp">
      <Filter>Header Files</Filter>
    </ClInclude>
    <ClInclude Include="Include\asio\detail\reactive_socket_sendto_op.hpp">
      <Filter>Header Files</Filter>
    </ClInclude>
    <ClInclude Include="Include\asio\detail\reactive_socket_service.hpp">
      <Filter>Header Files</Filter>
    </ClInclude>
    <ClInclude Include="Include\asio\detail\reactive_socket_service_base.hpp">
      <Filter>Header Files</Filter>
    </ClInclude>
    <ClInclude Include="Include\asio\detail\reactive_wait_op.hpp">
      <Filter>Header Files</Filter>
    </ClInclude>
    <ClInclude Include="Include\asio\detail\reactor.hpp">
      <Filter>Header Files</Filter>
    </ClInclude>
    <ClInclude Include="Include\asio\detail\reactor_fwd.hpp">
      <Filter>Header Files</Filter>
    </ClInclude>
    <ClInclude Include="Include\asio\detail\reactor_op.hpp">
      <Filter>Header Files</Filter>
    </ClInclude>
    <ClInclude Include="Include\asio\detail\reactor_op_queue.hpp">
      <Filter>Header Files</Filter>
    </ClInclude>
    <ClInclude Include="Include\asio\detail\recycling_allocator.hpp">
      <Filter>Header Files</Filter>
    </ClInclude>
    <ClInclude Include="Include\asio\detail\regex_fwd.hpp">
      <Filter>Header Files</Filter>
    </ClInclude>
    <ClInclude Include="Include\asio\detail\resolve_endpoint_op.hpp">
      <Filter>Header Files</Filter>
    </ClInclude>
    <ClInclude Include="Include\asio\detail\resolve_op.hpp">
      <Filter>Header Files</Filter>
    </ClInclude>
    <ClInclude Include="Include\asio\detail\resolve_query_op.hpp">
      <Filter>Header Files</Filter>
    </ClInclude>
    <ClInclude Include="Include\asio\detail\resolver_service.hpp">
      <Filter>Header Files</Filter>
    </ClInclude>
    <ClInclude Include="Include\asio\detail\resolver_service_base.hpp">
      <Filter>Header Files</Filter>
    </ClInclude>
    <ClInclude Include="Include\asio\detail\scheduler.hpp">
      <Filter>Header Files</Filter>
    </ClInclude>
    <ClInclude Include="Include\asio\detail\scheduler_operation.hpp">
      <Filter>Header Files</Filter>
    </ClInclude>
    <ClInclude Include="Include\asio\detail\scheduler_thread_info.hpp">
      <Filter>Header Files</Filter>
    </ClInclude>
    <ClInclude Include="Include\asio\detail\scoped_lock.hpp">
      <Filter>Header Files</Filter>
    </ClInclude>
    <ClInclude Include="Include\asio\detail\scoped_ptr.hpp">
      <Filter>Header Files</Filter>
    </ClInclude>
    <ClInclude Include="Include\asio\detail\select_interrupter.hpp">
      <Filter>Header Files</Filter>
    </ClInclude>
    <ClInclude Include="Include\asio\detail\select_reactor.hpp">
      <Filter>Header Files</Filter>
    </ClInclude>
    <ClInclude Include="Include\asio\detail\service_registry.hpp">
      <Filter>Header Files</Filter>
    </ClInclude>
    <ClInclude Include="Include\asio\detail\signal_blocker.hpp">
      <Filter>Header Files</Filter>
    </ClInclude>
    <ClInclude Include="Include\asio\detail\signal_handler.hpp">
      <Filter>Header Files</Filter>
    </ClInclude>
    <ClInclude Include="Include\asio\detail\signal_init.hpp">
      <Filter>Header Files</Filter>
    </ClInclude>
    <ClInclude Include="Include\asio\detail\signal_op.hpp">
      <Filter>Header Files</Filter>
    </ClInclude>
    <ClInclude Include="Include\asio\detail\signal_set_service.hpp">
      <Filter>Header Files</Filter>
    </ClInclude>
    <ClInclude Include="Include\asio\detail\socket_holder.hpp">
      <Filter>Header Files</Filter>
    </ClInclude>
    <ClInclude Include="Include\asio\detail\socket_ops.hpp">
      <Filter>Header Files</Filter>
    </ClInclude>
    <ClInclude Include="Include\asio\detail\socket_option.hpp">
      <Filter>Header Files</Filter>
    </ClInclude>
    <ClInclude Include="Include\asio\detail\socket_select_interrupter.hpp">
      <Filter>Header Files</Filter>
    </ClInclude>
    <ClInclude Include="Include\asio\detail\socket_types.hpp">
      <Filter>Header Files</Filter>
    </ClInclude>
    <ClInclude Include="Include\asio\detail\solaris_fenced_block.hpp">
      <Filter>Header Files</Filter>
    </ClInclude>
    <ClInclude Include="Include\asio\detail\static_mutex.hpp">
      <Filter>Header Files</Filter>
    </ClInclude>
    <ClInclude Include="Include\asio\detail\std_event.hpp">
      <Filter>Header Files</Filter>
    </ClInclude>
    <ClInclude Include="Include\asio\detail\std_fenced_block.hpp">
      <Filter>Header Files</Filter>
    </ClInclude>
    <ClInclude Include="Include\asio\detail\std_global.hpp">
      <Filter>Header Files</Filter>
    </ClInclude>
    <ClInclude Include="Include\asio\detail\std_mutex.hpp">
      <Filter>Header Files</Filter>
    </ClInclude>
    <ClInclude Include="Include\asio\detail\std_static_mutex.hpp">
      <Filter>Header Files</Filter>
    </ClInclude>
    <ClInclude Include="Include\asio\detail\std_thread.hpp">
      <Filter>Header Files</Filter>
    </ClInclude>
    <ClInclude Include="Include\asio\detail\strand_executor_service.hpp">
      <Filter>Header Files</Filter>
    </ClInclude>
    <ClInclude Include="Include\asio\detail\strand_service.hpp">
      <Filter>Header Files</Filter>
    </ClInclude>
    <ClInclude Include="Include\asio\detail\string_view.hpp">
      <Filter>Header Files</Filter>
    </ClInclude>
    <ClInclude Include="Include\asio\detail\thread.hpp">
      <Filter>Header Files</Filter>
    </ClInclude>
    <ClInclude Include="Include\asio\detail\thread_context.hpp">
      <Filter>Header Files</Filter>
    </ClInclude>
    <ClInclude Include="Include\asio\detail\thread_group.hpp">
      <Filter>Header Files</Filter>
    </ClInclude>
    <ClInclude Include="Include\asio\detail\thread_info_base.hpp">
      <Filter>Header Files</Filter>
    </ClInclude>
    <ClInclude Include="Include\asio\detail\throw_error.hpp">
      <Filter>Header Files</Filter>
    </ClInclude>
    <ClInclude Include="Include\asio\detail\throw_exception.hpp">
      <Filter>Header Files</Filter>
    </ClInclude>
    <ClInclude Include="Include\asio\detail\timer_queue.hpp">
      <Filter>Header Files</Filter>
    </ClInclude>
    <ClInclude Include="Include\asio\detail\timer_queue_base.hpp">
      <Filter>Header Files</Filter>
    </ClInclude>
    <ClInclude Include="Include\asio\detail\timer_queue_ptime.hpp">
      <Filter>Header Files</Filter>
    </ClInclude>
    <ClInclude Include="Include\asio\detail\timer_queue_set.hpp">
      <Filter>Header Files</Filter>
    </ClInclude>
    <ClInclude Include="Include\asio\detail\timer_scheduler.hpp">
      <Filter>Header Files</Filter>
    </ClInclude>
    <ClInclude Include="Include\asio\detail\timer_scheduler_fwd.hpp">
      <Filter>Header Files</Filter>
    </ClInclude>
    <ClInclude Include="Include\asio\detail\tss_ptr.hpp">
      <Filter>Header Files</Filter>
    </ClInclude>
    <ClInclude Include="Include\asio\detail\type_traits.hpp">
      <Filter>Header Files</Filter>
    </ClInclude>
    <ClInclude Include="Include\asio\detail\variadic_templates.hpp">
      <Filter>Header Files</Filter>
    </ClInclude>
    <ClInclude Include="Include\asio\detail\wait_handler.hpp">
      <Filter>Header Files</Filter>
    </ClInclude>
    <ClInclude Include="Include\asio\detail\wait_op.hpp">
      <Filter>Header Files</Filter>
    </ClInclude>
    <ClInclude Include="Include\asio\detail\win_event.hpp">
      <Filter>Header Files</Filter>
    </ClInclude>
    <ClInclude Include="Include\asio\detail\win_fd_set_adapter.hpp">
      <Filter>Header Files</Filter>
    </ClInclude>
    <ClInclude Include="Include\asio\detail\win_fenced_block.hpp">
      <Filter>Header Files</Filter>
    </ClInclude>
    <ClInclude Include="Include\asio\detail\win_global.hpp">
      <Filter>Header Files</Filter>
    </ClInclude>
    <ClInclude Include="Include\asio\detail\win_iocp_handle_read_op.hpp">
      <Filter>Header Files</Filter>
    </ClInclude>
    <ClInclude Include="Include\asio\detail\win_iocp_handle_service.hpp">
      <Filter>Header Files</Filter>
    </ClInclude>
    <ClInclude Include="Include\asio\detail\win_iocp_handle_write_op.hpp">
      <Filter>Header Files</Filter>
    </ClInclude>
    <ClInclude Include="Include\asio\detail\win_iocp_io_context.hpp">
      <Filter>Header Files</Filter>
    </ClInclude>
    <ClInclude Include="Include\asio\detail\win_iocp_null_buffers_op.hpp">
      <Filter>Header Files</Filter>
    </ClInclude>
    <ClInclude Include="Include\asio\detail\win_iocp_operation.hpp">
      <Filter>Header Files</Filter>
    </ClInclude>
    <ClInclude Include="Include\asio\detail\win_iocp_overlapped_op.hpp">
      <Filter>Header Files</Filter>
    </ClInclude>
    <ClInclude Include="Include\asio\detail\win_iocp_overlapped_ptr.hpp">
      <Filter>Header Files</Filter>
    </ClInclude>
    <ClInclude Include="Include\asio\detail\win_iocp_serial_port_service.hpp">
      <Filter>Header Files</Filter>
    </ClInclude>
    <ClInclude Include="Include\asio\detail\win_iocp_socket_accept_op.hpp">
      <Filter>Header Files</Filter>
    </ClInclude>
    <ClInclude Include="Include\asio\detail\win_iocp_socket_connect_op.hpp">
      <Filter>Header Files</Filter>
    </ClInclude>
    <ClInclude Include="Include\asio\detail\win_iocp_socket_recv_op.hpp">
      <Filter>Header Files</Filter>
    </ClInclude>
    <ClInclude Include="Include\asio\detail\win_iocp_socket_recvfrom_op.hpp">
      <Filter>Header Files</Filter>
    </ClInclude>
    <ClInclude Include="Include\asio\detail\win_iocp_socket_recvmsg_op.hpp">
      <Filter>Header Files</Filter>
    </ClInclude>
    <ClInclude Include="Include\asio\detail\win_iocp_socket_send_op.hpp">
      <Filter>Header Files</Filter>
    </ClInclude>
    <ClInclude Include="Include\asio\detail\win_iocp_socket_service.hpp">
      <Filter>Header Files</Filter>
    </ClInclude>
    <ClInclude Include="Include\asio\detail\win_iocp_socket_service_base.hpp">
      <Filter>Header Files</Filter>
    </ClInclude>
    <ClInclude Include="Include\asio\detail\win_iocp_thread_info.hpp">
      <Filter>Header Files</Filter>
    </ClInclude>
    <ClInclude Include="Include\asio\detail\win_iocp_wait_op.hpp">
      <Filter>Header Files</Filter>
    </ClInclude>
    <ClInclude Include="Include\asio\detail\win_mutex.hpp">
      <Filter>Header Files</Filter>
    </ClInclude>
    <ClInclude Include="Include\asio\detail\win_object_handle_service.hpp">
      <Filter>Header Files</Filter>
    </ClInclude>
    <ClInclude Include="Include\asio\detail\win_static_mutex.hpp">
      <Filter>Header Files</Filter>
    </ClInclude>
    <ClInclude Include="Include\asio\detail\win_thread.hpp">
      <Filter>Header Files</Filter>
    </ClInclude>
    <ClInclude Include="Include\asio\detail\win_tss_ptr.hpp">
      <Filter>Header Files</Filter>
    </ClInclude>
    <ClInclude Include="Include\asio\detail\winapp_thread.hpp">
      <Filter>Header Files</Filter>
    </ClInclude>
    <ClInclude Include="Include\asio\detail\wince_thread.hpp">
      <Filter>Header Files</Filter>
    </ClInclude>
    <ClInclude Include="Include\asio\detail\winrt_async_manager.hpp">
      <Filter>Header Files</Filter>
    </ClInclude>
    <ClInclude Include="Include\asio\detail\winrt_async_op.hpp">
      <Filter>Header Files</Filter>
    </ClInclude>
    <ClInclude Include="Include\asio\detail\winrt_resolve_op.hpp">
      <Filter>Header Files</Filter>
    </ClInclude>
    <ClInclude Include="Include\asio\detail\winrt_resolver_service.hpp">
      <Filter>Header Files</Filter>
    </ClInclude>
    <ClInclude Include="Include\asio\detail\winrt_socket_connect_op.hpp">
      <Filter>Header Files</Filter>
    </ClInclude>
    <ClInclude Include="Include\asio\detail\winrt_socket_recv_op.hpp">
      <Filter>Header Files</Filter>
    </ClInclude>
    <ClInclude Include="Include\asio\detail\winrt_socket_send_op.hpp">
      <Filter>Header Files</Filter>
    </ClInclude>
    <ClInclude Include="Include\asio\detail\winrt_ssocket_service.hpp">
      <Filter>Header Files</Filter>
    </ClInclude>
    <ClInclude Include="Include\asio\detail\winrt_ssocket_service_base.hpp">
      <Filter>Header Files</Filter>
    </ClInclude>
    <ClInclude Include="Include\asio\detail\winrt_timer_scheduler.hpp">
      <Filter>Header Files</Filter>
    </ClInclude>
    <ClInclude Include="Include\asio\detail\winrt_utils.hpp">
      <Filter>Header Files</Filter>
    </ClInclude>
    <ClInclude Include="Include\asio\detail\winsock_init.hpp">
      <Filter>Header Files</Filter>
    </ClInclude>
    <ClInclude Include="Include\asio\detail\work_dispatcher.hpp">
      <Filter>Header Files</Filter>
    </ClInclude>
    <ClInclude Include="Include\asio\detail\wrapped_handler.hpp">
      <Filter>Header Files</Filter>
    </ClInclude>
    <ClInclude Include="Include\asio\generic\detail\impl\endpoint.ipp">
      <Filter>Header Files</Filter>
    </ClInclude>
    <ClInclude Include="Include\asio\generic\detail\endpoint.hpp">
      <Filter>Header Files</Filter>
    </ClInclude>
    <ClInclude Include="Include\asio\generic\basic_endpoint.hpp">
      <Filter>Header Files</Filter>
    </ClInclude>
    <ClInclude Include="Include\asio\generic\datagram_protocol.hpp">
      <Filter>Header Files</Filter>
    </ClInclude>
    <ClInclude Include="Include\asio\generic\raw_protocol.hpp">
      <Filter>Header Files</Filter>
    </ClInclude>
    <ClInclude Include="Include\asio\generic\seq_packet_protocol.hpp">
      <Filter>Header Files</Filter>
    </ClInclude>
    <ClInclude Include="Include\asio\generic\stream_protocol.hpp">
      <Filter>Header Files</Filter>
    </ClInclude>
    <ClInclude Include="Include\asio\impl\awaitable.hpp">
      <Filter>Header Files</Filter>
    </ClInclude>
    <ClInclude Include="Include\asio\impl\buffered_read_stream.hpp">
      <Filter>Header Files</Filter>
    </ClInclude>
    <ClInclude Include="Include\asio\impl\buffered_write_stream.hpp">
      <Filter>Header Files</Filter>
    </ClInclude>
    <ClInclude Include="Include\asio\impl\co_spawn.hpp">
      <Filter>Header Files</Filter>
    </ClInclude>
    <ClInclude Include="Include\asio\impl\compose.hpp">
      <Filter>Header Files</Filter>
    </ClInclude>
    <ClInclude Include="Include\asio\impl\connect.hpp">
      <Filter>Header Files</Filter>
    </ClInclude>
    <ClInclude Include="Include\asio\impl\defer.hpp">
      <Filter>Header Files</Filter>
    </ClInclude>
    <ClInclude Include="Include\asio\impl\detached.hpp">
      <Filter>Header Files</Filter>
    </ClInclude>
    <ClInclude Include="Include\asio\impl\dispatch.hpp">
      <Filter>Header Files</Filter>
    </ClInclude>
    <ClInclude Include="Include\asio\impl\error.ipp">
      <Filter>Header Files</Filter>
    </ClInclude>
    <ClInclude Include="Include\asio\impl\error_code.ipp">
      <Filter>Header Files</Filter>
    </ClInclude>
    <ClInclude Include="Include\asio\impl\execution_context.hpp">
      <Filter>Header Files</Filter>
    </ClInclude>
    <ClInclude Include="Include\asio\impl\execution_context.ipp">
      <Filter>Header Files</Filter>
    </ClInclude>
    <ClInclude Include="Include\asio\impl\executor.hpp">
      <Filter>Header Files</Filter>
    </ClInclude>
    <ClInclude Include="Include\asio\impl\executor.ipp">
      <Filter>Header Files</Filter>
    </ClInclude>
    <ClInclude Include="Include\asio\impl\handler_alloc_hook.ipp">
      <Filter>Header Files</Filter>
    </ClInclude>
    <ClInclude Include="Include\asio\impl\io_context.hpp">
      <Filter>Header Files</Filter>
    </ClInclude>
    <ClInclude Include="Include\asio\impl\io_context.ipp">
      <Filter>Header Files</Filter>
    </ClInclude>
    <ClInclude Include="Include\asio\impl\post.hpp">
      <Filter>Header Files</Filter>
    </ClInclude>
    <ClInclude Include="Include\asio\impl\read.hpp">
      <Filter>Header Files</Filter>
    </ClInclude>
    <ClInclude Include="Include\asio\impl\read_at.hpp">
      <Filter>Header Files</Filter>
    </ClInclude>
    <ClInclude Include="Include\asio\impl\read_until.hpp">
      <Filter>Header Files</Filter>
    </ClInclude>
    <ClInclude Include="Include\asio\impl\redirect_error.hpp">
      <Filter>Header Files</Filter>
    </ClInclude>
    <ClInclude Include="Include\asio\impl\serial_port_base.hpp">
      <Filter>Header Files</Filter>
    </ClInclude>
    <ClInclude Include="Include\asio\impl\serial_port_base.ipp">
      <Filter>Header Files</Filter>
    </ClInclude>
    <ClInclude Include="Include\asio\impl\spawn.hpp">
      <Filter>Header Files</Filter>
    </ClInclude>
    <ClInclude Include="Include\asio\impl\src.hpp">
      <Filter>Header Files</Filter>
    </ClInclude>
    <ClInclude Include="Include\asio\impl\system_context.hpp">
      <Filter>Header Files</Filter>
    </ClInclude>
    <ClInclude Include="Include\asio\impl\system_context.ipp">
      <Filter>Header Files</Filter>
    </ClInclude>
    <ClInclude Include="Include\asio\impl\system_executor.hpp">
      <Filter>Header Files</Filter>
    </ClInclude>
    <ClInclude Include="Include\asio\impl\thread_pool.hpp">
      <Filter>Header Files</Filter>
    </ClInclude>
    <ClInclude Include="Include\asio\impl\thread_pool.ipp">
      <Filter>Header Files</Filter>
    </ClInclude>
    <ClInclude Include="Include\asio\impl\use_awaitable.hpp">
      <Filter>Header Files</Filter>
    </ClInclude>
    <ClInclude Include="Include\asio\impl\use_future.hpp">
      <Filter>Header Files</Filter>
    </ClInclude>
    <ClInclude Include="Include\asio\impl\write.hpp">
      <Filter>Header Files</Filter>
    </ClInclude>
    <ClInclude Include="Include\asio\impl\write_at.hpp">
      <Filter>Header Files</Filter>
    </ClInclude>
    <ClInclude Include="Include\asio\ip\detail\impl\endpoint.ipp">
      <Filter>Header Files</Filter>
    </ClInclude>
    <ClInclude Include="Include\asio\ip\detail\endpoint.hpp">
      <Filter>Header Files</Filter>
    </ClInclude>
    <ClInclude Include="Include\asio\ip\detail\socket_option.hpp">
      <Filter>Header Files</Filter>
    </ClInclude>
    <ClInclude Include="Include\asio\ip\impl\address.hpp">
      <Filter>Header Files</Filter>
    </ClInclude>
    <ClInclude Include="Include\asio\ip\impl\address.ipp">
      <Filter>Header Files</Filter>
    </ClInclude>
    <ClInclude Include="Include\asio\ip\impl\address_v4.hpp">
      <Filter>Header Files</Filter>
    </ClInclude>
    <ClInclude Include="Include\asio\ip\impl\address_v4.ipp">
      <Filter>Header Files</Filter>
    </ClInclude>
    <ClInclude Include="Include\asio\ip\impl\address_v6.hpp">
      <Filter>Header Files</Filter>
    </ClInclude>
    <ClInclude Include="Include\asio\ip\impl\address_v6.ipp">
      <Filter>Header Files</Filter>
    </ClInclude>
    <ClInclude Include="Include\asio\ip\impl\basic_endpoint.hpp">
      <Filter>Header Files</Filter>
    </ClInclude>
    <ClInclude Include="Include\asio\ip\impl\host_name.ipp">
      <Filter>Header Files</Filter>
    </ClInclude>
    <ClInclude Include="Include\asio\ip\impl\network_v4.hpp">
      <Filter>Header Files</Filter>
    </ClInclude>
    <ClInclude Include="Include\asio\ip\impl\network_v4.ipp">
      <Filter>Header Files</Filter>
    </ClInclude>
    <ClInclude Include="Include\asio\ip\impl\network_v6.hpp">
      <Filter>Header Files</Filter>
    </ClInclude>
    <ClInclude Include="Include\asio\ip\impl\network_v6.ipp">
      <Filter>Header Files</Filter>
    </ClInclude>
    <ClInclude Include="Include\asio\ip\address.hpp">
      <Filter>Header Files</Filter>
    </ClInclude>
    <ClInclude Include="Include\asio\ip\address_v4.hpp">
      <Filter>Header Files</Filter>
    </ClInclude>
    <ClInclude Include="Include\asio\ip\address_v4_iterator.hpp">
      <Filter>Header Files</Filter>
    </ClInclude>
    <ClInclude Include="Include\asio\ip\address_v4_range.hpp">
      <Filter>Header Files</Filter>
    </ClInclude>
    <ClInclude Include="Include\asio\ip\address_v6.hpp">
      <Filter>Header Files</Filter>
    </ClInclude>
    <ClInclude Include="Include\asio\ip\address_v6_iterator.hpp">
      <Filter>Header Files</Filter>
    </ClInclude>
    <ClInclude Include="Include\asio\ip\address_v6_range.hpp">
      <Filter>Header Files</Filter>
    </ClInclude>
    <ClInclude Include="Include\asio\ip\bad_address_cast.hpp">
      <Filter>Header Files</Filter>
    </ClInclude>
    <ClInclude Include="Include\asio\ip\basic_endpoint.hpp">
      <Filter>Header Files</Filter>
    </ClInclude>
    <ClInclude Include="Include\asio\ip\basic_resolver.hpp">
      <Filter>Header Files</Filter>
    </ClInclude>
    <ClInclude Include="Include\asio\ip\basic_resolver_entry.hpp">
      <Filter>Header Files</Filter>
    </ClInclude>
    <ClInclude Include="Include\asio\ip\basic_resolver_iterator.hpp">
      <Filter>Header Files</Filter>
    </ClInclude>
    <ClInclude Include="Include\asio\ip\basic_resolver_query.hpp">
      <Filter>Header Files</Filter>
    </ClInclude>
    <ClInclude Include="Include\asio\ip\basic_resolver_results.hpp">
      <Filter>Header Files</Filter>
    </ClInclude>
    <ClInclude Include="Include\asio\ip\host_name.hpp">
      <Filter>Header Files</Filter>
    </ClInclude>
    <ClInclude Include="Include\asio\ip\icmp.hpp">
      <Filter>Header Files</Filter>
    </ClInclude>
    <ClInclude Include="Include\asio\ip\multicast.hpp">
      <Filter>Header Files</Filter>
    </ClInclude>
    <ClInclude Include="Include\asio\ip\network_v4.hpp">
      <Filter>Header Files</Filter>
    </ClInclude>
    <ClInclude Include="Include\asio\ip\network_v6.hpp">
      <Filter>Header Files</Filter>
    </ClInclude>
    <ClInclude Include="Include\asio\ip\resolver_base.hpp">
      <Filter>Header Files</Filter>
    </ClInclude>
    <ClInclude Include="Include\asio\ip\resolver_query_base.hpp">
      <Filter>Header Files</Filter>
    </ClInclude>
    <ClInclude Include="Include\asio\ip\tcp.hpp">
      <Filter>Header Files</Filter>
    </ClInclude>
    <ClInclude Include="Include\asio\ip\udp.hpp">
      <Filter>Header Files</Filter>
    </ClInclude>
    <ClInclude Include="Include\asio\ip\unicast.hpp">
      <Filter>Header Files</Filter>
    </ClInclude>
    <ClInclude Include="Include\asio\ip\v6_only.hpp">
      <Filter>Header Files</Filter>
    </ClInclude>
    <ClInclude Include="Include\asio\local\detail\impl\endpoint.ipp">
      <Filter>Header Files</Filter>
    </ClInclude>
    <ClInclude Include="Include\asio\local\detail\endpoint.hpp">
      <Filter>Header Files</Filter>
    </ClInclude>
    <ClInclude Include="Include\asio\local\basic_endpoint.hpp">
      <Filter>Header Files</Filter>
    </ClInclude>
    <ClInclude Include="Include\asio\local\connect_pair.hpp">
      <Filter>Header Files</Filter>
    </ClInclude>
    <ClInclude Include="Include\asio\local\datagram_protocol.hpp">
      <Filter>Header Files</Filter>
    </ClInclude>
    <ClInclude Include="Include\asio\local\stream_protocol.hpp">
      <Filter>Header Files</Filter>
    </ClInclude>
    <ClInclude Include="Include\asio\posix\basic_descriptor.hpp">
      <Filter>Header Files</Filter>
    </ClInclude>
    <ClInclude Include="Include\asio\posix\basic_stream_descriptor.hpp">
      <Filter>Header Files</Filter>
    </ClInclude>
    <ClInclude Include="Include\asio\posix\descriptor.hpp">
      <Filter>Header Files</Filter>
    </ClInclude>
    <ClInclude Include="Include\asio\posix\descriptor_base.hpp">
      <Filter>Header Files</Filter>
    </ClInclude>
    <ClInclude Include="Include\asio\posix\stream_descriptor.hpp">
      <Filter>Header Files</Filter>
    </ClInclude>
    <ClInclude Include="Include\asio\ssl\detail\impl\engine.ipp">
      <Filter>Header Files</Filter>
    </ClInclude>
    <ClInclude Include="Include\asio\ssl\detail\impl\openssl_init.ipp">
      <Filter>Header Files</Filter>
    </ClInclude>
    <ClInclude Include="Include\asio\ssl\detail\buffered_handshake_op.hpp">
      <Filter>Header Files</Filter>
    </ClInclude>
    <ClInclude Include="Include\asio\ssl\detail\engine.hpp">
      <Filter>Header Files</Filter>
    </ClInclude>
    <ClInclude Include="Include\asio\ssl\detail\handshake_op.hpp">
      <Filter>Header Files</Filter>
    </ClInclude>
    <ClInclude Include="Include\asio\ssl\detail\io.hpp">
      <Filter>Header Files</Filter>
    </ClInclude>
    <ClInclude Include="Include\asio\ssl\detail\openssl_init.hpp">
      <Filter>Header Files</Filter>
    </ClInclude>
    <ClInclude Include="Include\asio\ssl\detail\openssl_types.hpp">
      <Filter>Header Files</Filter>
    </ClInclude>
    <ClInclude Include="Include\asio\ssl\detail\password_callback.hpp">
      <Filter>Header Files</Filter>
    </ClInclude>
    <ClInclude Include="Include\asio\ssl\detail\read_op.hpp">
      <Filter>Header Files</Filter>
    </ClInclude>
    <ClInclude Include="Include\asio\ssl\detail\shutdown_op.hpp">
      <Filter>Header Files</Filter>
    </ClInclude>
    <ClInclude Include="Include\asio\ssl\detail\stream_core.hpp">
      <Filter>Header Files</Filter>
    </ClInclude>
    <ClInclude Include="Include\asio\ssl\detail\verify_callback.hpp">
      <Filter>Header Files</Filter>
    </ClInclude>
    <ClInclude Include="Include\asio\ssl\detail\write_op.hpp">
      <Filter>Header Files</Filter>
    </ClInclude>
    <ClInclude Include="Include\asio\ssl\impl\context.hpp">
      <Filter>Header Files</Filter>
    </ClInclude>
    <ClInclude Include="Include\asio\ssl\impl\context.ipp">
      <Filter>Header Files</Filter>
    </ClInclude>
    <ClInclude Include="Include\asio\ssl\impl\error.ipp">
      <Filter>Header Files</Filter>
    </ClInclude>
    <ClInclude Include="Include\asio\ssl\impl\rfc2818_verification.ipp">
      <Filter>Header Files</Filter>
    </ClInclude>
    <ClInclude Include="Include\asio\ssl\impl\src.hpp">
      <Filter>Header Files</Filter>
    </ClInclude>
    <ClInclude Include="Include\asio\ssl\context.hpp">
      <Filter>Header Files</Filter>
    </ClInclude>
    <ClInclude Include="Include\asio\ssl\context_base.hpp">
      <Filter>Header Files</Filter>
    </ClInclude>
    <ClInclude Include="Include\asio\ssl\error.hpp">
      <Filter>Header Files</Filter>
    </ClInclude>
    <ClInclude Include="Include\asio\ssl\rfc2818_verification.hpp">
      <Filter>Header Files</Filter>
    </ClInclude>
    <ClInclude Include="Include\asio\ssl\stream.hpp">
      <Filter>Header Files</Filter>
    </ClInclude>
    <ClInclude Include="Include\asio\ssl\stream_base.hpp">
      <Filter>Header Files</Filter>
    </ClInclude>
    <ClInclude Include="Include\asio\ssl\verify_context.hpp">
      <Filter>Header Files</Filter>
    </ClInclude>
    <ClInclude Include="Include\asio\ssl\verify_mode.hpp">
      <Filter>Header Files</Filter>
    </ClInclude>
    <ClInclude Include="Include\asio\ts\buffer.hpp">
      <Filter>Header Files</Filter>
    </ClInclude>
    <ClInclude Include="Include\asio\ts\executor.hpp">
      <Filter>Header Files</Filter>
    </ClInclude>
    <ClInclude Include="Include\asio\ts\internet.hpp">
      <Filter>Header Files</Filter>
    </ClInclude>
    <ClInclude Include="Include\asio\ts\io_context.hpp">
      <Filter>Header Files</Filter>
    </ClInclude>
    <ClInclude Include="Include\asio\ts\net.hpp">
      <Filter>Header Files</Filter>
    </ClInclude>
    <ClInclude Include="Include\asio\ts\netfwd.hpp">
      <Filter>Header Files</Filter>
    </ClInclude>
    <ClInclude Include="Include\asio\ts\socket.hpp">
      <Filter>Header Files</Filter>
    </ClInclude>
    <ClInclude Include="Include\asio\ts\timer.hpp">
      <Filter>Header Files</Filter>
    </ClInclude>
    <ClInclude Include="Include\asio\windows\basic_object_handle.hpp">
      <Filter>Header Files</Filter>
    </ClInclude>
    <ClInclude Include="Include\asio\windows\basic_overlapped_handle.hpp">
      <Filter>Header Files</Filter>
    </ClInclude>
    <ClInclude Include="Include\asio\windows\basic_random_access_handle.hpp">
      <Filter>Header Files</Filter>
    </ClInclude>
    <ClInclude Include="Include\asio\windows\basic_stream_handle.hpp">
      <Filter>Header Files</Filter>
    </ClInclude>
    <ClInclude Include="Include\asio\windows\object_handle.hpp">
      <Filter>Header Files</Filter>
    </ClInclude>
    <ClInclude Include="Include\asio\windows\overlapped_handle.hpp">
      <Filter>Header Files</Filter>
    </ClInclude>
    <ClInclude Include="Include\asio\windows\overlapped_ptr.hpp">
      <Filter>Header Files</Filter>
    </ClInclude>
    <ClInclude Include="Include\asio\windows\random_access_handle.hpp">
      <Filter>Header Files</Filter>
    </ClInclude>
    <ClInclude Include="Include\asio\windows\stream_handle.hpp">
      <Filter>Header Files</Filter>
    </ClInclude>
    <ClInclude Include="Include\asio\associated_allocator.hpp">
      <Filter>Header Files</Filter>
    </ClInclude>
    <ClInclude Include="Include\asio\associated_executor.hpp">
      <Filter>Header Files</Filter>
    </ClInclude>
    <ClInclude Include="Include\asio\async_result.hpp">
      <Filter>Header Files</Filter>
    </ClInclude>
    <ClInclude Include="Include\asio\awaitable.hpp">
      <Filter>Header Files</Filter>
    </ClInclude>
    <ClInclude Include="Include\asio\basic_datagram_socket.hpp">
      <Filter>Header Files</Filter>
    </ClInclude>
    <ClInclude Include="Include\asio\basic_deadline_timer.hpp">
      <Filter>Header Files</Filter>
    </ClInclude>
    <ClInclude Include="Include\asio\basic_io_object.hpp">
      <Filter>Header Files</Filter>
    </ClInclude>
    <ClInclude Include="Include\asio\basic_raw_socket.hpp">
      <Filter>Header Files</Filter>
    </ClInclude>
    <ClInclude Include="Include\asio\basic_seq_packet_socket.hpp">
      <Filter>Header Files</Filter>
    </ClInclude>
    <ClInclude Include="Include\asio\basic_serial_port.hpp">
      <Filter>Header Files</Filter>
    </ClInclude>
    <ClInclude Include="Include\asio\basic_signal_set.hpp">
      <Filter>Header Files</Filter>
    </ClInclude>
    <ClInclude Include="Include\asio\basic_socket.hpp">
      <Filter>Header Files</Filter>
    </ClInclude>
    <ClInclude Include="Include\asio\basic_socket_acceptor.hpp">
      <Filter>Header Files</Filter>
    </ClInclude>
    <ClInclude Include="Include\asio\basic_socket_iostream.hpp">
      <Filter>Header Files</Filter>
    </ClInclude>
    <ClInclude Include="Include\asio\basic_socket_streambuf.hpp">
      <Filter>Header Files</Filter>
    </ClInclude>
    <ClInclude Include="Include\asio\basic_stream_socket.hpp">
      <Filter>Header Files</Filter>
    </ClInclude>
    <ClInclude Include="Include\asio\basic_streambuf.hpp">
      <Filter>Header Files</Filter>
    </ClInclude>
    <ClInclude Include="Include\asio\basic_streambuf_fwd.hpp">
      <Filter>Header Files</Filter>
    </ClInclude>
    <ClInclude Include="Include\asio\basic_waitable_timer.hpp">
      <Filter>Header Files</Filter>
    </ClInclude>
    <ClInclude Include="Include\asio\bind_executor.hpp">
      <Filter>Header Files</Filter>
    </ClInclude>
    <ClInclude Include="Include\asio\buffer.hpp">
      <Filter>Header Files</Filter>
    </ClInclude>
    <ClInclude Include="Include\asio\buffered_read_stream.hpp">
      <Filter>Header Files</Filter>
    </ClInclude>
    <ClInclude Include="Include\asio\buffered_read_stream_fwd.hpp">
      <Filter>Header Files</Filter>
    </ClInclude>
    <ClInclude Include="Include\asio\buffered_stream.hpp">
      <Filter>Header Files</Filter>
    </ClInclude>
    <ClInclude Include="Include\asio\buffered_stream_fwd.hpp">
      <Filter>Header Files</Filter>
    </ClInclude>
    <ClInclude Include="Include\asio\buffered_write_stream.hpp">
      <Filter>Header Files</Filter>
    </ClInclude>
    <ClInclude Include="Include\asio\buffered_write_stream_fwd.hpp">
      <Filter>Header Files</Filter>
    </ClInclude>
    <ClInclude Include="Include\asio\buffers_iterator.hpp">
      <Filter>Header Files</Filter>
    </ClInclude>
    <ClInclude Include="Include\asio\co_spawn.hpp">
      <Filter>Header Files</Filter>
    </ClInclude>
    <ClInclude Include="Include\asio\completion_condition.hpp">
      <Filter>Header Files</Filter>
    </ClInclude>
    <ClInclude Include="Include\asio\compose.hpp">
      <Filter>Header Files</Filter>
    </ClInclude>
    <ClInclude Include="Include\asio\connect.hpp">
      <Filter>Header Files</Filter>
    </ClInclude>
    <ClInclude Include="Include\asio\coroutine.hpp">
      <Filter>Header Files</Filter>
    </ClInclude>
    <ClInclude Include="Include\asio\deadline_timer.hpp">
      <Filter>Header Files</Filter>
    </ClInclude>
    <ClInclude Include="Include\asio\defer.hpp">
      <Filter>Header Files</Filter>
    </ClInclude>
    <ClInclude Include="Include\asio\detached.hpp">
      <Filter>Header Files</Filter>
    </ClInclude>
    <ClInclude Include="Include\asio\dispatch.hpp">
      <Filter>Header Files</Filter>
    </ClInclude>
    <ClInclude Include="Include\asio\error.hpp">
      <Filter>Header Files</Filter>
    </ClInclude>
    <ClInclude Include="Include\asio\error_code.hpp">
      <Filter>Header Files</Filter>
    </ClInclude>
    <ClInclude Include="Include\asio\execution_context.hpp">
      <Filter>Header Files</Filter>
    </ClInclude>
    <ClInclude Include="Include\asio\executor.hpp">
      <Filter>Header Files</Filter>
    </ClInclude>
    <ClInclude Include="Include\asio\executor_work_guard.hpp">
      <Filter>Header Files</Filter>
    </ClInclude>
    <ClInclude Include="Include\asio\handler_alloc_hook.hpp">
      <Filter>Header Files</Filter>
    </ClInclude>
    <ClInclude Include="Include\asio\handler_continuation_hook.hpp">
      <Filter>Header Files</Filter>
    </ClInclude>
    <ClInclude Include="Include\asio\handler_invoke_hook.hpp">
      <Filter>Header Files</Filter>
    </ClInclude>
    <ClInclude Include="Include\asio\high_resolution_timer.hpp">
      <Filter>Header Files</Filter>
    </ClInclude>
    <ClInclude Include="Include\asio\io_context.hpp">
      <Filter>Header Files</Filter>
    </ClInclude>
    <ClInclude Include="Include\asio\io_context_strand.hpp">
      <Filter>Header Files</Filter>
    </ClInclude>
    <ClInclude Include="Include\asio\io_service.hpp">
      <Filter>Header Files</Filter>
    </ClInclude>
    <ClInclude Include="Include\asio\io_service_strand.hpp">
      <Filter>Header Files</Filter>
    </ClInclude>
    <ClInclude Include="Include\asio\is_executor.hpp">
      <Filter>Header Files</Filter>
    </ClInclude>
    <ClInclude Include="Include\asio\is_read_buffered.hpp">
      <Filter>Header Files</Filter>
    </ClInclude>
    <ClInclude Include="Include\asio\is_write_buffered.hpp">
      <Filter>Header Files</Filter>
    </ClInclude>
    <ClInclude Include="Include\asio\packaged_task.hpp">
      <Filter>Header Files</Filter>
    </ClInclude>
    <ClInclude Include="Include\asio\placeholders.hpp">
      <Filter>Header Files</Filter>
    </ClInclude>
    <ClInclude Include="Include\asio\post.hpp">
      <Filter>Header Files</Filter>
    </ClInclude>
    <ClInclude Include="Include\asio\read.hpp">
      <Filter>Header Files</Filter>
    </ClInclude>
    <ClInclude Include="Include\asio\read_at.hpp">
      <Filter>Header Files</Filter>
    </ClInclude>
    <ClInclude Include="Include\asio\read_until.hpp">
      <Filter>Header Files</Filter>
    </ClInclude>
    <ClInclude Include="Include\asio\redirect_error.hpp">
      <Filter>Header Files</Filter>
    </ClInclude>
    <ClInclude Include="Include\asio\serial_port.hpp">
      <Filter>Header Files</Filter>
    </ClInclude>
    <ClInclude Include="Include\asio\serial_port_base.hpp">
      <Filter>Header Files</Filter>
    </ClInclude>
    <ClInclude Include="Include\asio\signal_set.hpp">
      <Filter>Header Files</Filter>
    </ClInclude>
    <ClInclude Include="Include\asio\socket_base.hpp">
      <Filter>Header Files</Filter>
    </ClInclude>
    <ClInclude Include="Include\asio\spawn.hpp">
      <Filter>Header Files</Filter>
    </ClInclude>
    <ClInclude Include="Include\asio\ssl.hpp">
      <Filter>Header Files</Filter>
    </ClInclude>
    <ClInclude Include="Include\asio\steady_timer.hpp">
      <Filter>Header Files</Filter>
    </ClInclude>
    <ClInclude Include="Include\asio\strand.hpp">
      <Filter>Header Files</Filter>
    </ClInclude>
    <ClInclude Include="Include\asio\streambuf.hpp">
      <Filter>Header Files</Filter>
    </ClInclude>
    <ClInclude Include="Include\asio\system_context.hpp">
      <Filter>Header Files</Filter>
    </ClInclude>
    <ClInclude Include="Include\asio\system_error.hpp">
      <Filter>Header Files</Filter>
    </ClInclude>
    <ClInclude Include="Include\asio\system_executor.hpp">
      <Filter>Header Files</Filter>
    </ClInclude>
    <ClInclude Include="Include\asio\system_timer.hpp">
      <Filter>Header Files</Filter>
    </ClInclude>
    <ClInclude Include="Include\asio\this_coro.hpp">
      <Filter>Header Files</Filter>
    </ClInclude>
    <ClInclude Include="Include\asio\thread.hpp">
      <Filter>Header Files</Filter>
    </ClInclude>
    <ClInclude Include="Include\asio\thread_pool.hpp">
      <Filter>Header Files</Filter>
    </ClInclude>
    <ClInclude Include="Include\asio\time_traits.hpp">
      <Filter>Header Files</Filter>
    </ClInclude>
    <ClInclude Include="Include\asio\unyield.hpp">
      <Filter>Header Files</Filter>
    </ClInclude>
    <ClInclude Include="Include\asio\use_awaitable.hpp">
      <Filter>Header Files</Filter>
    </ClInclude>
    <ClInclude Include="Include\asio\use_future.hpp">
      <Filter>Header Files</Filter>
    </ClInclude>
    <ClInclude Include="Include\asio\uses_executor.hpp">
      <Filter>Header Files</Filter>
    </ClInclude>
    <ClInclude Include="Include\asio\version.hpp">
      <Filter>Header Files</Filter>
    </ClInclude>
    <ClInclude Include="Include\asio\wait_traits.hpp">
      <Filter>Header Files</Filter>
    </ClInclude>
    <ClInclude Include="Include\asio\write.hpp">
      <Filter>Header Files</Filter>
    </ClInclude>
    <ClInclude Include="Include\asio\write_at.hpp">
      <Filter>Header Files</Filter>
    </ClInclude>
    <ClInclude Include="Include\asio\yield.hpp">
      <Filter>Header Files</Filter>
    </ClInclude>
    <ClInclude Include="Include\asio.hpp">
      <Filter>Header Files</Filter>
    </ClInclude>
    <ClInclude Include="Include\websocketpp\base64\base64.hpp">
      <Filter>Header Files</Filter>
    </ClInclude>
    <ClInclude Include="Include\websocketpp\common\asio.hpp">
      <Filter>Header Files</Filter>
    </ClInclude>
    <ClInclude Include="Include\websocketpp\common\asio_ssl.hpp">
      <Filter>Header Files</Filter>
    </ClInclude>
    <ClInclude Include="Include\websocketpp\common\chrono.hpp">
      <Filter>Header Files</Filter>
    </ClInclude>
    <ClInclude Include="Include\websocketpp\common\connection_hdl.hpp">
      <Filter>Header Files</Filter>
    </ClInclude>
    <ClInclude Include="Include\websocketpp\common\cpp11.hpp">
      <Filter>Header Files</Filter>
    </ClInclude>
    <ClInclude Include="Include\websocketpp\common\functional.hpp">
      <Filter>Header Files</Filter>
    </ClInclude>
    <ClInclude Include="Include\websocketpp\common\md5.hpp">
      <Filter>Header Files</Filter>
    </ClInclude>
    <ClInclude Include="Include\websocketpp\common\memory.hpp">
      <Filter>Header Files</Filter>
    </ClInclude>
    <ClInclude Include="Include\websocketpp\common\network.hpp">
      <Filter>Header Files</Filter>
    </ClInclude>
    <ClInclude Include="Include\websocketpp\common\platforms.hpp">
      <Filter>Header Files</Filter>
    </ClInclude>
    <ClInclude Include="Include\websocketpp\common\random.hpp">
      <Filter>Header Files</Filter>
    </ClInclude>
    <ClInclude Include="Include\websocketpp\common\regex.hpp">
      <Filter>Header Files</Filter>
    </ClInclude>
    <ClInclude Include="Include\websocketpp\common\stdint.hpp">
      <Filter>Header Files</Filter>
    </ClInclude>
    <ClInclude Include="Include\websocketpp\common\system_error.hpp">
      <Filter>Header Files</Filter>
    </ClInclude>
    <ClInclude Include="Include\websocketpp\common\thread.hpp">
      <Filter>Header Files</Filter>
    </ClInclude>
    <ClInclude Include="Include\websocketpp\common\time.hpp">
      <Filter>Header Files</Filter>
    </ClInclude>
    <ClInclude Include="Include\websocketpp\common\type_traits.hpp">
      <Filter>Header Files</Filter>
    </ClInclude>
    <ClInclude Include="Include\websocketpp\concurrency\basic.hpp">
      <Filter>Header Files</Filter>
    </ClInclude>
    <ClInclude Include="Include\websocketpp\concurrency\none.hpp">
      <Filter>Header Files</Filter>
    </ClInclude>
    <ClInclude Include="Include\websocketpp\config\asio.hpp">
      <Filter>Header Files</Filter>
    </ClInclude>
    <ClInclude Include="Include\websocketpp\config\asio_client.hpp">
      <Filter>Header Files</Filter>
    </ClInclude>
    <ClInclude Include="Include\websocketpp\config\asio_no_tls.hpp">
      <Filter>Header Files</Filter>
    </ClInclude>
    <ClInclude Include="Include\websocketpp\config\asio_no_tls_client.hpp">
      <Filter>Header Files</Filter>
    </ClInclude>
    <ClInclude Include="Include\websocketpp\config\boost_config.hpp">
      <Filter>Header Files</Filter>
    </ClInclude>
    <ClInclude Include="Include\websocketpp\config\core.hpp">
      <Filter>Header Files</Filter>
    </ClInclude>
    <ClInclude Include="Include\websocketpp\config\core_client.hpp">
      <Filter>Header Files</Filter>
    </ClInclude>
    <ClInclude Include="Include\websocketpp\config\debug.hpp">
      <Filter>Header Files</Filter>
    </ClInclude>
    <ClInclude Include="Include\websocketpp\config\debug_asio.hpp">
      <Filter>Header Files</Filter>
    </ClInclude>
    <ClInclude Include="Include\websocketpp\config\debug_asio_no_tls.hpp">
      <Filter>Header Files</Filter>
    </ClInclude>
    <ClInclude Include="Include\websocketpp\config\minimal_client.hpp">
      <Filter>Header Files</Filter>
    </ClInclude>
    <ClInclude Include="Include\websocketpp\config\minimal_server.hpp">
      <Filter>Header Files</Filter>
    </ClInclude>
    <ClInclude Include="Include\websocketpp\extensions\permessage_deflate\disabled.hpp">
      <Filter>Header Files</Filter>
    </ClInclude>
    <ClInclude Include="Include\websocketpp\extensions\permessage_deflate\enabled.hpp">
      <Filter>Header Files</Filter>
    </ClInclude>
    <ClInclude Include="Include\websocketpp\extensions\extension.hpp">
      <Filter>Header Files</Filter>
    </ClInclude>
    <ClInclude Include="Include\websocketpp\http\impl\parser.hpp">
      <Filter>Header Files</Filter>
    </ClInclude>
    <ClInclude Include="Include\websocketpp\http\impl\request.hpp">
      <Filter>Header Files</Filter>
    </ClInclude>
    <ClInclude Include="Include\websocketpp\http\impl\response.hpp">
      <Filter>Header Files</Filter>
    </ClInclude>
    <ClInclude Include="Include\websocketpp\http\constants.hpp">
      <Filter>Header Files</Filter>
    </ClInclude>
    <ClInclude Include="Include\websocketpp\http\parser.hpp">
      <Filter>Header Files</Filter>
    </ClInclude>
    <ClInclude Include="Include\websocketpp\http\request.hpp">
      <Filter>Header Files</Filter>
    </ClInclude>
    <ClInclude Include="Include\websocketpp\http\response.hpp">
      <Filter>Header Files</Filter>
    </ClInclude>
    <ClInclude Include="Include\websocketpp\impl\connection_impl.hpp">
      <Filter>Header Files</Filter>
    </ClInclude>
    <ClInclude Include="Include\websocketpp\impl\endpoint_impl.hpp">
      <Filter>Header Files</Filter>
    </ClInclude>
    <ClInclude Include="Include\websocketpp\impl\utilities_impl.hpp">
      <Filter>Header Files</Filter>
    </ClInclude>
    <ClInclude Include="Include\websocketpp\logger\basic.hpp">
      <Filter>Header Files</Filter>
    </ClInclude>
    <ClInclude Include="Include\websocketpp\logger\levels.hpp">
      <Filter>Header Files</Filter>
    </ClInclude>
    <ClInclude Include="Include\websocketpp\logger\stub.hpp">
      <Filter>Header Files</Filter>
    </ClInclude>
    <ClInclude Include="Include\websocketpp\logger\syslog.hpp">
      <Filter>Header Files</Filter>
    </ClInclude>
    <ClInclude Include="Include\websocketpp\message_buffer\alloc.hpp">
      <Filter>Header Files</Filter>
    </ClInclude>
    <ClInclude Include="Include\websocketpp\message_buffer\message.hpp">
      <Filter>Header Files</Filter>
    </ClInclude>
    <ClInclude Include="Include\websocketpp\message_buffer\pool.hpp">
      <Filter>Header Files</Filter>
    </ClInclude>
    <ClInclude Include="Include\websocketpp\out\build\x64-Debug\CMakeFiles\ShowIncludes\foo.h">
      <Filter>Header Files</Filter>
    </ClInclude>
    <ClInclude Include="Include\websocketpp\processors\base.hpp">
      <Filter>Header Files</Filter>
    </ClInclude>
    <ClInclude Include="Include\websocketpp\processors\hybi00.hpp">
      <Filter>Header Files</Filter>
    </ClInclude>
    <ClInclude Include="Include\websocketpp\processors\hybi07.hpp">
      <Filter>Header Files</Filter>
    </ClInclude>
    <ClInclude Include="Include\websocketpp\processors\hybi08.hpp">
      <Filter>Header Files</Filter>
    </ClInclude>
    <ClInclude Include="Include\websocketpp\processors\hybi13.hpp">
      <Filter>Header Files</Filter>
    </ClInclude>
    <ClInclude Include="Include\websocketpp\processors\processor.hpp">
      <Filter>Header Files</Filter>
    </ClInclude>
    <ClInclude Include="Include\websocketpp\random\none.hpp">
      <Filter>Header Files</Filter>
    </ClInclude>
    <ClInclude Include="Include\websocketpp\random\random_device.hpp">
      <Filter>Header Files</Filter>
    </ClInclude>
    <ClInclude Include="Include\websocketpp\roles\client_endpoint.hpp">
      <Filter>Header Files</Filter>
    </ClInclude>
    <ClInclude Include="Include\websocketpp\roles\server_endpoint.hpp">
      <Filter>Header Files</Filter>
    </ClInclude>
    <ClInclude Include="Include\websocketpp\sha1\sha1.hpp">
      <Filter>Header Files</Filter>
    </ClInclude>
    <ClInclude Include="Include\websocketpp\transport\asio\security\base.hpp">
      <Filter>Header Files</Filter>
    </ClInclude>
    <ClInclude Include="Include\websocketpp\transport\asio\security\none.hpp">
      <Filter>Header Files</Filter>
    </ClInclude>
    <ClInclude Include="Include\websocketpp\transport\asio\security\tls.hpp">
      <Filter>Header Files</Filter>
    </ClInclude>
    <ClInclude Include="Include\websocketpp\transport\asio\base.hpp">
      <Filter>Header Files</Filter>
    </ClInclude>
    <ClInclude Include="Include\websocketpp\transport\asio\connection.hpp">
      <Filter>Header Files</Filter>
    </ClInclude>
    <ClInclude Include="Include\websocketpp\transport\asio\endpoint.hpp">
      <Filter>Header Files</Filter>
    </ClInclude>
    <ClInclude Include="Include\websocketpp\transport\base\connection.hpp">
      <Filter>Header Files</Filter>
    </ClInclude>
    <ClInclude Include="Include\websocketpp\transport\base\endpoint.hpp">
      <Filter>Header Files</Filter>
    </ClInclude>
    <ClInclude Include="Include\websocketpp\transport\debug\base.hpp">
      <Filter>Header Files</Filter>
    </ClInclude>
    <ClInclude Include="Include\websocketpp\transport\debug\connection.hpp">
      <Filter>Header Files</Filter>
    </ClInclude>
    <ClInclude Include="Include\websocketpp\transport\debug\endpoint.hpp">
      <Filter>Header Files</Filter>
    </ClInclude>
    <ClInclude Include="Include\websocketpp\transport\iostream\base.hpp">
      <Filter>Header Files</Filter>
    </ClInclude>
    <ClInclude Include="Include\websocketpp\transport\iostream\connection.hpp">
      <Filter>Header Files</Filter>
    </ClInclude>
    <ClInclude Include="Include\websocketpp\transport\iostream\endpoint.hpp">
      <Filter>Header Files</Filter>
    </ClInclude>
    <ClInclude Include="Include\websocketpp\transport\stub\base.hpp">
      <Filter>Header Files</Filter>
    </ClInclude>
    <ClInclude Include="Include\websocketpp\transport\stub\connection.hpp">
      <Filter>Header Files</Filter>
    </ClInclude>
    <ClInclude Include="Include\websocketpp\transport\stub\endpoint.hpp">
      <Filter>Header Files</Filter>
    </ClInclude>
    <ClInclude Include="Include\websocketpp\client.hpp">
      <Filter>Header Files</Filter>
    </ClInclude>
    <ClInclude Include="Include\websocketpp\close.hpp">
      <Filter>Header Files</Filter>
    </ClInclude>
    <ClInclude Include="Include\websocketpp\connection.hpp">
      <Filter>Header Files</Filter>
    </ClInclude>
    <ClInclude Include="Include\websocketpp\connection_base.hpp">
      <Filter>Header Files</Filter>
    </ClInclude>
    <ClInclude Include="Include\websocketpp\endpoint.hpp">
      <Filter>Header Files</Filter>
    </ClInclude>
    <ClInclude Include="Include\websocketpp\endpoint_base.hpp">
      <Filter>Header Files</Filter>
    </ClInclude>
    <ClInclude Include="Include\websocketpp\error.hpp">
      <Filter>Header Files</Filter>
    </ClInclude>
    <ClInclude Include="Include\websocketpp\frame.hpp">
      <Filter>Header Files</Filter>
    </ClInclude>
    <ClInclude Include="Include\websocketpp\server.hpp">
      <Filter>Header Files</Filter>
    </ClInclude>
    <ClInclude Include="Include\websocketpp\uri.hpp">
      <Filter>Header Files</Filter>
    </ClInclude>
    <ClInclude Include="Include\websocketpp\utf8_validator.hpp">
      <Filter>Header Files</Filter>
    </ClInclude>
    <ClInclude Include="Include\websocketpp\utilities.hpp">
      <Filter>Header Files</Filter>
    </ClInclude>
    <ClInclude Include="Include\websocketpp\version.hpp">
      <Filter>Header Files</Filter>
    </ClInclude>
  </ItemGroup>
  <ItemGroup>
    <None Include="Include\MinHook\lib\MinHook.x64.dll" />
    <None Include="Include\MinHook\lib\MinHook.x86.dll" />
    <None Include="Include\websocketpp\out\build\x64-Debug\CMakeFiles\3.16.19112601-MSVC_2\CMakeDetermineCompilerABI_C.bin">
      <Filter>Resource Files</Filter>
    </None>
    <None Include="Include\websocketpp\out\build\x64-Debug\CMakeFiles\3.16.19112601-MSVC_2\CMakeDetermineCompilerABI_CXX.bin">
      <Filter>Resource Files</Filter>
    </None>
  </ItemGroup>
  <ItemGroup>
    <Library Include="Include\MinHook\lib\MinHook.x64.lib" />
    <Library Include="Include\MinHook\lib\MinHook.x86.lib" />
  </ItemGroup>
</Project>